// !$*UTF8*$!
{
	archiveVersion = 1;
	classes = {
	};
	objectVersion = 50;
	objects = {

/* Begin PBXBuildFile section */
		8C132CF021580E3C00A7772A /* AppDelegate.swift in Sources */ = {isa = PBXBuildFile; fileRef = 8C132CEF21580E3C00A7772A /* AppDelegate.swift */; };
		8C132CF221580E3C00A7772A /* ViewController.swift in Sources */ = {isa = PBXBuildFile; fileRef = 8C132CF121580E3C00A7772A /* ViewController.swift */; };
		8C132CF521580E3C00A7772A /* Main.storyboard in Resources */ = {isa = PBXBuildFile; fileRef = 8C132CF321580E3C00A7772A /* Main.storyboard */; };
		8C132CF821580E3C00A7772A /* homework1.xcdatamodeld in Sources */ = {isa = PBXBuildFile; fileRef = 8C132CF621580E3C00A7772A /* homework1.xcdatamodeld */; };
		8C132CFA21580E3E00A7772A /* Assets.xcassets in Resources */ = {isa = PBXBuildFile; fileRef = 8C132CF921580E3E00A7772A /* Assets.xcassets */; };
		8C132CFD21580E3E00A7772A /* LaunchScreen.storyboard in Resources */ = {isa = PBXBuildFile; fileRef = 8C132CFB21580E3E00A7772A /* LaunchScreen.storyboard */; };
		8C882AEE2158AF1B00832A9E /* test.xcscmblueprint in Resources */ = {isa = PBXBuildFile; fileRef = 8C882AED2158AF1B00832A9E /* test.xcscmblueprint */; };
		8C882AF02158B8BA00832A9E /* .gitignore in Resources */ = {isa = PBXBuildFile; fileRef = 8C882AEF2158B8BA00832A9E /* .gitignore */; };
/* End PBXBuildFile section */

/* Begin PBXFileReference section */
		8C132CEC21580E3C00A7772A /* homework1.app */ = {isa = PBXFileReference; explicitFileType = wrapper.application; includeInIndex = 0; path = homework1.app; sourceTree = BUILT_PRODUCTS_DIR; };
		8C132CEF21580E3C00A7772A /* AppDelegate.swift */ = {isa = PBXFileReference; lastKnownFileType = sourcecode.swift; path = AppDelegate.swift; sourceTree = "<group>"; };
		8C132CF121580E3C00A7772A /* ViewController.swift */ = {isa = PBXFileReference; lastKnownFileType = sourcecode.swift; path = ViewController.swift; sourceTree = "<group>"; };
		8C132CF421580E3C00A7772A /* Base */ = {isa = PBXFileReference; lastKnownFileType = file.storyboard; name = Base; path = Base.lproj/Main.storyboard; sourceTree = "<group>"; };
		8C132CF721580E3C00A7772A /* homework1.xcdatamodel */ = {isa = PBXFileReference; lastKnownFileType = wrapper.xcdatamodel; path = homework1.xcdatamodel; sourceTree = "<group>"; };
		8C132CF921580E3E00A7772A /* Assets.xcassets */ = {isa = PBXFileReference; lastKnownFileType = folder.assetcatalog; path = Assets.xcassets; sourceTree = "<group>"; };
		8C132CFC21580E3E00A7772A /* Base */ = {isa = PBXFileReference; lastKnownFileType = file.storyboard; name = Base; path = Base.lproj/LaunchScreen.storyboard; sourceTree = "<group>"; };
		8C132CFE21580E3E00A7772A /* Info.plist */ = {isa = PBXFileReference; lastKnownFileType = text.plist.xml; path = Info.plist; sourceTree = "<group>"; };
		8C882AED2158AF1B00832A9E /* test.xcscmblueprint */ = {isa = PBXFileReference; lastKnownFileType = text; path = test.xcscmblueprint; sourceTree = "<group>"; };
		8C882AEF2158B8BA00832A9E /* .gitignore */ = {isa = PBXFileReference; lastKnownFileType = text; path = .gitignore; sourceTree = SOURCE_ROOT; };
/* End PBXFileReference section */

/* Begin PBXFrameworksBuildPhase section */
		8C132CE921580E3C00A7772A /* Frameworks */ = {
			isa = PBXFrameworksBuildPhase;
			buildActionMask = 2147483647;
			files = (
			);
			runOnlyForDeploymentPostprocessing = 0;
		};
/* End PBXFrameworksBuildPhase section */

/* Begin PBXGroup section */
		8C132CE321580E3C00A7772A = {
			isa = PBXGroup;
			children = (
				8C132CEE21580E3C00A7772A /* homework1 */,
				8C132CED21580E3C00A7772A /* Products */,
			);
			sourceTree = "<group>";
		};
		8C132CED21580E3C00A7772A /* Products */ = {
			isa = PBXGroup;
			children = (
				8C132CEC21580E3C00A7772A /* homework1.app */,
			);
			name = Products;
			sourceTree = "<group>";
		};
		8C132CEE21580E3C00A7772A /* homework1 */ = {
			isa = PBXGroup;
			children = (
				8C132CEF21580E3C00A7772A /* AppDelegate.swift */,
				8C132CF121580E3C00A7772A /* ViewController.swift */,
				8C132CF321580E3C00A7772A /* Main.storyboard */,
				8C132CF921580E3E00A7772A /* Assets.xcassets */,
				8C132CFB21580E3E00A7772A /* LaunchScreen.storyboard */,
				8C132CFE21580E3E00A7772A /* Info.plist */,
				8C132CF621580E3C00A7772A /* homework1.xcdatamodeld */,
				8C882AED2158AF1B00832A9E /* test.xcscmblueprint */,
				8C882AEF2158B8BA00832A9E /* .gitignore */,
			);
			path = homework1;
			sourceTree = "<group>";
		};
/* End PBXGroup section */

/* Begin PBXNativeTarget section */
		8C132CEB21580E3C00A7772A /* homework1 */ = {
			isa = PBXNativeTarget;
			buildConfigurationList = 8C132D0121580E3E00A7772A /* Build configuration list for PBXNativeTarget "homework1" */;
			buildPhases = (
				8C132CE821580E3C00A7772A /* Sources */,
				8C132CE921580E3C00A7772A /* Frameworks */,
				8C132CEA21580E3C00A7772A /* Resources */,
			);
			buildRules = (
			);
			dependencies = (
			);
			name = homework1;
			productName = homework1;
			productReference = 8C132CEC21580E3C00A7772A /* homework1.app */;
			productType = "com.apple.product-type.application";
		};
/* End PBXNativeTarget section */

/* Begin PBXProject section */
		8C132CE421580E3C00A7772A /* Project object */ = {
			isa = PBXProject;
			attributes = {
				LastSwiftUpdateCheck = 0940;
				LastUpgradeCheck = 0940;
				ORGANIZATIONNAME = gladkikh;
				TargetAttributes = {
					8C132CEB21580E3C00A7772A = {
						CreatedOnToolsVersion = 9.4.1;
					};
				};
			};
			buildConfigurationList = 8C132CE721580E3C00A7772A /* Build configuration list for PBXProject "homework1" */;
			compatibilityVersion = "Xcode 9.3";
			developmentRegion = en;
			hasScannedForEncodings = 0;
			knownRegions = (
				en,
				Base,
			);
			mainGroup = 8C132CE321580E3C00A7772A;
			productRefGroup = 8C132CED21580E3C00A7772A /* Products */;
			projectDirPath = "";
			projectRoot = "";
			targets = (
				8C132CEB21580E3C00A7772A /* homework1 */,
			);
		};
/* End PBXProject section */

/* Begin PBXResourcesBuildPhase section */
		8C132CEA21580E3C00A7772A /* Resources */ = {
			isa = PBXResourcesBuildPhase;
			buildActionMask = 2147483647;
			files = (
				8C882AF02158B8BA00832A9E /* .gitignore in Resources */,
				8C882AEE2158AF1B00832A9E /* test.xcscmblueprint in Resources */,
				8C132CFD21580E3E00A7772A /* LaunchScreen.storyboard in Resources */,
				8C132CFA21580E3E00A7772A /* Assets.xcassets in Resources */,
				8C132CF521580E3C00A7772A /* Main.storyboard in Resources */,
			);
			runOnlyForDeploymentPostprocessing = 0;
		};
/* End PBXResourcesBuildPhase section */

/* Begin PBXSourcesBuildPhase section */
		8C132CE821580E3C00A7772A /* Sources */ = {
			isa = PBXSourcesBuildPhase;
			buildActionMask = 2147483647;
			files = (
				8C132CF221580E3C00A7772A /* ViewController.swift in Sources */,
				8C132CF021580E3C00A7772A /* AppDelegate.swift in Sources */,
				8C132CF821580E3C00A7772A /* homework1.xcdatamodeld in Sources */,
			);
			runOnlyForDeploymentPostprocessing = 0;
		};
/* End PBXSourcesBuildPhase section */

/* Begin PBXVariantGroup section */
		8C132CF321580E3C00A7772A /* Main.storyboard */ = {
			isa = PBXVariantGroup;
			children = (
				8C132CF421580E3C00A7772A /* Base */,
			);
			name = Main.storyboard;
			sourceTree = "<group>";
		};
		8C132CFB21580E3E00A7772A /* LaunchScreen.storyboard */ = {
			isa = PBXVariantGroup;
			children = (
				8C132CFC21580E3E00A7772A /* Base */,
			);
			name = LaunchScreen.storyboard;
			sourceTree = "<group>";
		};
/* End PBXVariantGroup section */

/* Begin XCBuildConfiguration section */
		8C132CFF21580E3E00A7772A /* Debug */ = {
			isa = XCBuildConfiguration;
			buildSettings = {
				ALWAYS_SEARCH_USER_PATHS = NO;
				CLANG_ANALYZER_NONNULL = YES;
				CLANG_ANALYZER_NUMBER_OBJECT_CONVERSION = YES_AGGRESSIVE;
				CLANG_CXX_LANGUAGE_STANDARD = "gnu++14";
				CLANG_CXX_LIBRARY = "libc++";
				CLANG_ENABLE_MODULES = YES;
				CLANG_ENABLE_OBJC_ARC = YES;
				CLANG_ENABLE_OBJC_WEAK = YES;
				CLANG_WARN_BLOCK_CAPTURE_AUTORELEASING = YES;
				CLANG_WARN_BOOL_CONVERSION = YES;
				CLANG_WARN_COMMA = YES;
				CLANG_WARN_CONSTANT_CONVERSION = YES;
				CLANG_WARN_DEPRECATED_OBJC_IMPLEMENTATIONS = YES;
				CLANG_WARN_DIRECT_OBJC_ISA_USAGE = YES_ERROR;
				CLANG_WARN_DOCUMENTATION_COMMENTS = YES;
				CLANG_WARN_EMPTY_BODY = YES;
				CLANG_WARN_ENUM_CONVERSION = YES;
				CLANG_WARN_INFINITE_RECURSION = YES;
				CLANG_WARN_INT_CONVERSION = YES;
				CLANG_WARN_NON_LITERAL_NULL_CONVERSION = YES;
				CLANG_WARN_OBJC_IMPLICIT_RETAIN_SELF = YES;
				CLANG_WARN_OBJC_LITERAL_CONVERSION = YES;
				CLANG_WARN_OBJC_ROOT_CLASS = YES_ERROR;
				CLANG_WARN_RANGE_LOOP_ANALYSIS = YES;
				CLANG_WARN_STRICT_PROTOTYPES = YES;
				CLANG_WARN_SUSPICIOUS_MOVE = YES;
				CLANG_WARN_UNGUARDED_AVAILABILITY = YES_AGGRESSIVE;
				CLANG_WARN_UNREACHABLE_CODE = YES;
				CLANG_WARN__DUPLICATE_METHOD_MATCH = YES;
				CODE_SIGN_IDENTITY = "iPhone Developer";
				COPY_PHASE_STRIP = NO;
				DEBUG_INFORMATION_FORMAT = dwarf;
				ENABLE_STRICT_OBJC_MSGSEND = YES;
				ENABLE_TESTABILITY = YES;
				GCC_C_LANGUAGE_STANDARD = gnu11;
				GCC_DYNAMIC_NO_PIC = NO;
				GCC_NO_COMMON_BLOCKS = YES;
				GCC_OPTIMIZATION_LEVEL = 0;
				GCC_PREPROCESSOR_DEFINITIONS = (
					"DEBUG=1",
					"$(inherited)",
				);
				GCC_WARN_64_TO_32_BIT_CONVERSION = YES;
				GCC_WARN_ABOUT_RETURN_TYPE = YES_ERROR;
				GCC_WARN_UNDECLARED_SELECTOR = YES;
				GCC_WARN_UNINITIALIZED_AUTOS = YES_AGGRESSIVE;
				GCC_WARN_UNUSED_FUNCTION = YES;
				GCC_WARN_UNUSED_VARIABLE = YES;
				IPHONEOS_DEPLOYMENT_TARGET = 11.4;
				MTL_ENABLE_DEBUG_INFO = YES;
				ONLY_ACTIVE_ARCH = YES;
				SDKROOT = iphoneos;
				SWIFT_ACTIVE_COMPILATION_CONDITIONS = DEBUG;
				SWIFT_OPTIMIZATION_LEVEL = "-Onone";
			};
			name = Debug;
		};
		8C132D0021580E3E00A7772A /* Release */ = {
			isa = XCBuildConfiguration;
			buildSettings = {
				ALWAYS_SEARCH_USER_PATHS = NO;
				CLANG_ANALYZER_NONNULL = YES;
				CLANG_ANALYZER_NUMBER_OBJECT_CONVERSION = YES_AGGRESSIVE;
				CLANG_CXX_LANGUAGE_STANDARD = "gnu++14";
				CLANG_CXX_LIBRARY = "libc++";
				CLANG_ENABLE_MODULES = YES;
				CLANG_ENABLE_OBJC_ARC = YES;
				CLANG_ENABLE_OBJC_WEAK = YES;
				CLANG_WARN_BLOCK_CAPTURE_AUTORELEASING = YES;
				CLANG_WARN_BOOL_CONVERSION = YES;
				CLANG_WARN_COMMA = YES;
				CLANG_WARN_CONSTANT_CONVERSION = YES;
				CLANG_WARN_DEPRECATED_OBJC_IMPLEMENTATIONS = YES;
				CLANG_WARN_DIRECT_OBJC_ISA_USAGE = YES_ERROR;
				CLANG_WARN_DOCUMENTATION_COMMENTS = YES;
				CLANG_WARN_EMPTY_BODY = YES;
				CLANG_WARN_ENUM_CONVERSION = YES;
				CLANG_WARN_INFINITE_RECURSION = YES;
				CLANG_WARN_INT_CONVERSION = YES;
				CLANG_WARN_NON_LITERAL_NULL_CONVERSION = YES;
				CLANG_WARN_OBJC_IMPLICIT_RETAIN_SELF = YES;
				CLANG_WARN_OBJC_LITERAL_CONVERSION = YES;
				CLANG_WARN_OBJC_ROOT_CLASS = YES_ERROR;
				CLANG_WARN_RANGE_LOOP_ANALYSIS = YES;
				CLANG_WARN_STRICT_PROTOTYPES = YES;
				CLANG_WARN_SUSPICIOUS_MOVE = YES;
				CLANG_WARN_UNGUARDED_AVAILABILITY = YES_AGGRESSIVE;
				CLANG_WARN_UNREACHABLE_CODE = YES;
				CLANG_WARN__DUPLICATE_METHOD_MATCH = YES;
				CODE_SIGN_IDENTITY = "iPhone Developer";
				COPY_PHASE_STRIP = NO;
				DEBUG_INFORMATION_FORMAT = "dwarf-with-dsym";
				ENABLE_NS_ASSERTIONS = NO;
				ENABLE_STRICT_OBJC_MSGSEND = YES;
				GCC_C_LANGUAGE_STANDARD = gnu11;
				GCC_NO_COMMON_BLOCKS = YES;
				GCC_WARN_64_TO_32_BIT_CONVERSION = YES;
				GCC_WARN_ABOUT_RETURN_TYPE = YES_ERROR;
				GCC_WARN_UNDECLARED_SELECTOR = YES;
				GCC_WARN_UNINITIALIZED_AUTOS = YES_AGGRESSIVE;
				GCC_WARN_UNUSED_FUNCTION = YES;
				GCC_WARN_UNUSED_VARIABLE = YES;
				IPHONEOS_DEPLOYMENT_TARGET = 11.4;
				MTL_ENABLE_DEBUG_INFO = NO;
				SDKROOT = iphoneos;
				SWIFT_COMPILATION_MODE = wholemodule;
				SWIFT_OPTIMIZATION_LEVEL = "-O";
				VALIDATE_PRODUCT = YES;
			};
			name = Release;
		};
		8C132D0221580E3E00A7772A /* Debug */ = {
			isa = XCBuildConfiguration;
			buildSettings = {
				ASSETCATALOG_COMPILER_APPICON_NAME = AppIcon;
				CODE_SIGN_STYLE = Automatic;
				INFOPLIST_FILE = homework1/Info.plist;
				IPHONEOS_DEPLOYMENT_TARGET = 11.0;
				LD_RUNPATH_SEARCH_PATHS = (
					"$(inherited)",
					"@executable_path/Frameworks",
				);
				OTHER_SWIFT_FLAGS = "-D PRINTLOGS";
				PRODUCT_BUNDLE_IDENTIFIER = com.gladkikh.homework1;
				PRODUCT_NAME = "$(TARGET_NAME)";
				SWIFT_VERSION = 4.0;
				TARGETED_DEVICE_FAMILY = "1,2";
			};
			name = Debug;
		};
		8C132D0321580E3E00A7772A /* Release */ = {
			isa = XCBuildConfiguration;
			buildSettings = {
				ASSETCATALOG_COMPILER_APPICON_NAME = AppIcon;
				CODE_SIGN_STYLE = Automatic;
				INFOPLIST_FILE = homework1/Info.plist;
				IPHONEOS_DEPLOYMENT_TARGET = 11.0;
				LD_RUNPATH_SEARCH_PATHS = (
					"$(inherited)",
					"@executable_path/Frameworks",
				);
				PRODUCT_BUNDLE_IDENTIFIER = com.gladkikh.homework1;
				PRODUCT_NAME = "$(TARGET_NAME)";
				SWIFT_VERSION = 4.0;
				TARGETED_DEVICE_FAMILY = "1,2";
			};
			name = Release;
		};
/* End XCBuildConfiguration section */

/* Begin XCConfigurationList section */
		8C132CE721580E3C00A7772A /* Build configuration list for PBXProject "homework1" */ = {
			isa = XCConfigurationList;
			buildConfigurations = (
				8C132CFF21580E3E00A7772A /* Debug */,
				8C132D0021580E3E00A7772A /* Release */,
			);
			defaultConfigurationIsVisible = 0;
			defaultConfigurationName = Release;
		};
		8C132D0121580E3E00A7772A /* Build configuration list for PBXNativeTarget "homework1" */ = {
			isa = XCConfigurationList;
			buildConfigurations = (
				8C132D0221580E3E00A7772A /* Debug */,
				8C132D0321580E3E00A7772A /* Release */,
			);
			defaultConfigurationIsVisible = 0;
			defaultConfigurationName = Release;
		};
/* End XCConfigurationList section */

/* Begin XCVersionGroup section */
		8C132CF621580E3C00A7772A /* homework1.xcdatamodeld */ = {
			isa = XCVersionGroup;
			children = (
				8C132CF721580E3C00A7772A /* homework1.xcdatamodel */,
			);
			currentVersion = 8C132CF721580E3C00A7772A /* homework1.xcdatamodel */;
			path = homework1.xcdatamodeld;
			sourceTree = "<group>";
			versionGroupType = wrapper.xcdatamodel;
		};
/* End XCVersionGroup section */
	};
	rootObject = 8C132CE421580E3C00A7772A /* Project object */;
}
